// !$*UTF8*$!
{
	archiveVersion = 1;
	classes = {
	};
	objectVersion = 56;
	objects = {

/* Begin PBXBuildFile section */
		A4C6FBD32AF3A92300BC6C3B /* AppDelegate.swift in Sources */ = {isa = PBXBuildFile; fileRef = A4C6FBD22AF3A92300BC6C3B /* AppDelegate.swift */; };
		A4C6FBD52AF3A92300BC6C3B /* SceneDelegate.swift in Sources */ = {isa = PBXBuildFile; fileRef = A4C6FBD42AF3A92300BC6C3B /* SceneDelegate.swift */; };
		A4C6FBD72AF3A92300BC6C3B /* MapViewController.swift in Sources */ = {isa = PBXBuildFile; fileRef = A4C6FBD62AF3A92300BC6C3B /* MapViewController.swift */; };
		A4C6FBDA2AF3A92300BC6C3B /* MapView.storyboard in Resources */ = {isa = PBXBuildFile; fileRef = A4C6FBD82AF3A92300BC6C3B /* MapView.storyboard */; };
		A4C6FBDC2AF3A92500BC6C3B /* Assets.xcassets in Resources */ = {isa = PBXBuildFile; fileRef = A4C6FBDB2AF3A92500BC6C3B /* Assets.xcassets */; };
		A4C6FBDF2AF3A92500BC6C3B /* LaunchScreen.storyboard in Resources */ = {isa = PBXBuildFile; fileRef = A4C6FBDD2AF3A92500BC6C3B /* LaunchScreen.storyboard */; };
		A4C6FBEA2AF3C5A100BC6C3B /* AlertHelper.swift in Sources */ = {isa = PBXBuildFile; fileRef = A4C6FBE92AF3C5A100BC6C3B /* AlertHelper.swift */; };
		A4C6FBED2AF3D07300BC6C3B /* StationListResponse.swift in Sources */ = {isa = PBXBuildFile; fileRef = A4C6FBEC2AF3D07300BC6C3B /* StationListResponse.swift */; };
		A4C6FBEF2AF3D2AB00BC6C3B /* APIService.swift in Sources */ = {isa = PBXBuildFile; fileRef = A4C6FBEE2AF3D2AB00BC6C3B /* APIService.swift */; };
		A4C6FBF22AF3D2CD00BC6C3B /* Alamofire in Frameworks */ = {isa = PBXBuildFile; productRef = A4C6FBF12AF3D2CD00BC6C3B /* Alamofire */; };
		A4C6FBF52AF3D4EC00BC6C3B /* AllData.swift in Sources */ = {isa = PBXBuildFile; fileRef = A4C6FBF42AF3D4EC00BC6C3B /* AllData.swift */; };
		A4C6FBFA2AF41B4A00BC6C3B /* ListTripsView.storyboard in Resources */ = {isa = PBXBuildFile; fileRef = A4C6FBF92AF41B4A00BC6C3B /* ListTripsView.storyboard */; };
		A4C6FBFC2AF41B7C00BC6C3B /* ListTripsViewController.swift in Sources */ = {isa = PBXBuildFile; fileRef = A4C6FBFB2AF41B7C00BC6C3B /* ListTripsViewController.swift */; };
		A4C6FBFF2AF4219600BC6C3B /* ListTripsTableViewCell.swift in Sources */ = {isa = PBXBuildFile; fileRef = A4C6FBFE2AF4219600BC6C3B /* ListTripsTableViewCell.swift */; };
/* End PBXBuildFile section */

/* Begin PBXFileReference section */
		A4C6FBCF2AF3A92300BC6C3B /* VoltLines_CaseStudy.app */ = {isa = PBXFileReference; explicitFileType = wrapper.application; includeInIndex = 0; path = VoltLines_CaseStudy.app; sourceTree = BUILT_PRODUCTS_DIR; };
		A4C6FBD22AF3A92300BC6C3B /* AppDelegate.swift */ = {isa = PBXFileReference; lastKnownFileType = sourcecode.swift; path = AppDelegate.swift; sourceTree = "<group>"; };
		A4C6FBD42AF3A92300BC6C3B /* SceneDelegate.swift */ = {isa = PBXFileReference; lastKnownFileType = sourcecode.swift; path = SceneDelegate.swift; sourceTree = "<group>"; };
		A4C6FBD62AF3A92300BC6C3B /* MapViewController.swift */ = {isa = PBXFileReference; lastKnownFileType = sourcecode.swift; path = MapViewController.swift; sourceTree = "<group>"; };
		A4C6FBD92AF3A92300BC6C3B /* Base */ = {isa = PBXFileReference; lastKnownFileType = file.storyboard; name = Base; path = Base.lproj/MapView.storyboard; sourceTree = "<group>"; };
		A4C6FBDB2AF3A92500BC6C3B /* Assets.xcassets */ = {isa = PBXFileReference; lastKnownFileType = folder.assetcatalog; path = Assets.xcassets; sourceTree = "<group>"; };
		A4C6FBDE2AF3A92500BC6C3B /* Base */ = {isa = PBXFileReference; lastKnownFileType = file.storyboard; name = Base; path = Base.lproj/LaunchScreen.storyboard; sourceTree = "<group>"; };
		A4C6FBE02AF3A92500BC6C3B /* Info.plist */ = {isa = PBXFileReference; lastKnownFileType = text.plist.xml; path = Info.plist; sourceTree = "<group>"; };
		A4C6FBE92AF3C5A100BC6C3B /* AlertHelper.swift */ = {isa = PBXFileReference; lastKnownFileType = sourcecode.swift; path = AlertHelper.swift; sourceTree = "<group>"; };
		A4C6FBEC2AF3D07300BC6C3B /* StationListResponse.swift */ = {isa = PBXFileReference; lastKnownFileType = sourcecode.swift; path = StationListResponse.swift; sourceTree = "<group>"; };
		A4C6FBEE2AF3D2AB00BC6C3B /* APIService.swift */ = {isa = PBXFileReference; lastKnownFileType = sourcecode.swift; path = APIService.swift; sourceTree = "<group>"; };
		A4C6FBF42AF3D4EC00BC6C3B /* AllData.swift */ = {isa = PBXFileReference; lastKnownFileType = sourcecode.swift; path = AllData.swift; sourceTree = "<group>"; };
		A4C6FBF92AF41B4A00BC6C3B /* ListTripsView.storyboard */ = {isa = PBXFileReference; lastKnownFileType = file.storyboard; path = ListTripsView.storyboard; sourceTree = "<group>"; };
		A4C6FBFB2AF41B7C00BC6C3B /* ListTripsViewController.swift */ = {isa = PBXFileReference; lastKnownFileType = sourcecode.swift; path = ListTripsViewController.swift; sourceTree = "<group>"; };
		A4C6FBFE2AF4219600BC6C3B /* ListTripsTableViewCell.swift */ = {isa = PBXFileReference; lastKnownFileType = sourcecode.swift; path = ListTripsTableViewCell.swift; sourceTree = "<group>"; };
/* End PBXFileReference section */

/* Begin PBXFrameworksBuildPhase section */
		A4C6FBCC2AF3A92300BC6C3B /* Frameworks */ = {
			isa = PBXFrameworksBuildPhase;
			buildActionMask = 2147483647;
			files = (
				A4C6FBF22AF3D2CD00BC6C3B /* Alamofire in Frameworks */,
			);
			runOnlyForDeploymentPostprocessing = 0;
		};
/* End PBXFrameworksBuildPhase section */

/* Begin PBXGroup section */
		A4C6FBC62AF3A92300BC6C3B = {
			isa = PBXGroup;
			children = (
				A4C6FBD12AF3A92300BC6C3B /* VoltLines_CaseStudy */,
				A4C6FBD02AF3A92300BC6C3B /* Products */,
			);
			sourceTree = "<group>";
		};
		A4C6FBD02AF3A92300BC6C3B /* Products */ = {
			isa = PBXGroup;
			children = (
				A4C6FBCF2AF3A92300BC6C3B /* VoltLines_CaseStudy.app */,
			);
			name = Products;
			sourceTree = "<group>";
		};
		A4C6FBD12AF3A92300BC6C3B /* VoltLines_CaseStudy */ = {
			isa = PBXGroup;
			children = (
				A4C6FBF62AF41AEF00BC6C3B /* View */,
				A4C6FBF32AF3D4C700BC6C3B /* Service */,
				A4C6FBEB2AF3CFFA00BC6C3B /* ResponseModel */,
				A4C6FBE82AF3C56A00BC6C3B /* Helper */,
				A4C6FBE72AF3AA9400BC6C3B /* Model */,
				A4C6FBE62AF3AA8600BC6C3B /* Presenter */,
				A4C6FBD22AF3A92300BC6C3B /* AppDelegate.swift */,
				A4C6FBD42AF3A92300BC6C3B /* SceneDelegate.swift */,
				A4C6FBDB2AF3A92500BC6C3B /* Assets.xcassets */,
				A4C6FBDD2AF3A92500BC6C3B /* LaunchScreen.storyboard */,
				A4C6FBE02AF3A92500BC6C3B /* Info.plist */,
			);
			path = VoltLines_CaseStudy;
			sourceTree = "<group>";
		};
		A4C6FBE62AF3AA8600BC6C3B /* Presenter */ = {
			isa = PBXGroup;
			children = (
				A4C6FBF42AF3D4EC00BC6C3B /* AllData.swift */,
			);
			path = Presenter;
			sourceTree = "<group>";
		};
		A4C6FBE72AF3AA9400BC6C3B /* Model */ = {
			isa = PBXGroup;
			children = (
			);
			path = Model;
			sourceTree = "<group>";
		};
		A4C6FBE82AF3C56A00BC6C3B /* Helper */ = {
			isa = PBXGroup;
			children = (
				A4C6FBE92AF3C5A100BC6C3B /* AlertHelper.swift */,
			);
			path = Helper;
			sourceTree = "<group>";
		};
		A4C6FBEB2AF3CFFA00BC6C3B /* ResponseModel */ = {
			isa = PBXGroup;
			children = (
				A4C6FBEC2AF3D07300BC6C3B /* StationListResponse.swift */,
			);
			path = ResponseModel;
			sourceTree = "<group>";
		};
		A4C6FBF32AF3D4C700BC6C3B /* Service */ = {
			isa = PBXGroup;
			children = (
				A4C6FBEE2AF3D2AB00BC6C3B /* APIService.swift */,
			);
			path = Service;
			sourceTree = "<group>";
		};
		A4C6FBF62AF41AEF00BC6C3B /* View */ = {
			isa = PBXGroup;
			children = (
				A4C6FBF82AF41B1900BC6C3B /* ListTripsView */,
				A4C6FBF72AF41AF700BC6C3B /* MapView */,
			);
			path = View;
			sourceTree = "<group>";
		};
		A4C6FBF72AF41AF700BC6C3B /* MapView */ = {
			isa = PBXGroup;
			children = (
				A4C6FBD62AF3A92300BC6C3B /* MapViewController.swift */,
				A4C6FBD82AF3A92300BC6C3B /* MapView.storyboard */,
			);
			path = MapView;
			sourceTree = "<group>";
		};
		A4C6FBF82AF41B1900BC6C3B /* ListTripsView */ = {
			isa = PBXGroup;
			children = (
				A4C6FBFD2AF4217500BC6C3B /* Cell */,
				A4C6FBFB2AF41B7C00BC6C3B /* ListTripsViewController.swift */,
				A4C6FBF92AF41B4A00BC6C3B /* ListTripsView.storyboard */,
			);
			path = ListTripsView;
			sourceTree = "<group>";
		};
		A4C6FBFD2AF4217500BC6C3B /* Cell */ = {
			isa = PBXGroup;
			children = (
				A4C6FBFE2AF4219600BC6C3B /* ListTripsTableViewCell.swift */,
			);
			path = Cell;
			sourceTree = "<group>";
		};
/* End PBXGroup section */

/* Begin PBXNativeTarget section */
		A4C6FBCE2AF3A92300BC6C3B /* VoltLines_CaseStudy */ = {
			isa = PBXNativeTarget;
			buildConfigurationList = A4C6FBE32AF3A92500BC6C3B /* Build configuration list for PBXNativeTarget "VoltLines_CaseStudy" */;
			buildPhases = (
				A4C6FBCB2AF3A92300BC6C3B /* Sources */,
				A4C6FBCC2AF3A92300BC6C3B /* Frameworks */,
				A4C6FBCD2AF3A92300BC6C3B /* Resources */,
			);
			buildRules = (
			);
			dependencies = (
			);
			name = VoltLines_CaseStudy;
			packageProductDependencies = (
				A4C6FBF12AF3D2CD00BC6C3B /* Alamofire */,
			);
			productName = VoltLines_CaseStudy;
			productReference = A4C6FBCF2AF3A92300BC6C3B /* VoltLines_CaseStudy.app */;
			productType = "com.apple.product-type.application";
		};
/* End PBXNativeTarget section */

/* Begin PBXProject section */
		A4C6FBC72AF3A92300BC6C3B /* Project object */ = {
			isa = PBXProject;
			attributes = {
				BuildIndependentTargetsInParallel = 1;
				LastSwiftUpdateCheck = 1430;
				LastUpgradeCheck = 1430;
				TargetAttributes = {
					A4C6FBCE2AF3A92300BC6C3B = {
						CreatedOnToolsVersion = 14.3.1;
					};
				};
			};
			buildConfigurationList = A4C6FBCA2AF3A92300BC6C3B /* Build configuration list for PBXProject "VoltLines_CaseStudy" */;
			compatibilityVersion = "Xcode 14.0";
			developmentRegion = en;
			hasScannedForEncodings = 0;
			knownRegions = (
				en,
				Base,
			);
			mainGroup = A4C6FBC62AF3A92300BC6C3B;
			packageReferences = (
				A4C6FBF02AF3D2CD00BC6C3B /* XCRemoteSwiftPackageReference "Alamofire" */,
			);
			productRefGroup = A4C6FBD02AF3A92300BC6C3B /* Products */;
			projectDirPath = "";
			projectRoot = "";
			targets = (
				A4C6FBCE2AF3A92300BC6C3B /* VoltLines_CaseStudy */,
			);
		};
/* End PBXProject section */

/* Begin PBXResourcesBuildPhase section */
		A4C6FBCD2AF3A92300BC6C3B /* Resources */ = {
			isa = PBXResourcesBuildPhase;
			buildActionMask = 2147483647;
			files = (
				A4C6FBFA2AF41B4A00BC6C3B /* ListTripsView.storyboard in Resources */,
				A4C6FBDF2AF3A92500BC6C3B /* LaunchScreen.storyboard in Resources */,
				A4C6FBDC2AF3A92500BC6C3B /* Assets.xcassets in Resources */,
				A4C6FBDA2AF3A92300BC6C3B /* MapView.storyboard in Resources */,
			);
			runOnlyForDeploymentPostprocessing = 0;
		};
/* End PBXResourcesBuildPhase section */

/* Begin PBXSourcesBuildPhase section */
		A4C6FBCB2AF3A92300BC6C3B /* Sources */ = {
			isa = PBXSourcesBuildPhase;
			buildActionMask = 2147483647;
			files = (
				A4C6FBED2AF3D07300BC6C3B /* StationListResponse.swift in Sources */,
				A4C6FBFF2AF4219600BC6C3B /* ListTripsTableViewCell.swift in Sources */,
				A4C6FBEA2AF3C5A100BC6C3B /* AlertHelper.swift in Sources */,
				A4C6FBD72AF3A92300BC6C3B /* MapViewController.swift in Sources */,
				A4C6FBD32AF3A92300BC6C3B /* AppDelegate.swift in Sources */,
				A4C6FBEF2AF3D2AB00BC6C3B /* APIService.swift in Sources */,
				A4C6FBFC2AF41B7C00BC6C3B /* ListTripsViewController.swift in Sources */,
				A4C6FBF52AF3D4EC00BC6C3B /* AllData.swift in Sources */,
				A4C6FBD52AF3A92300BC6C3B /* SceneDelegate.swift in Sources */,
			);
			runOnlyForDeploymentPostprocessing = 0;
		};
/* End PBXSourcesBuildPhase section */

/* Begin PBXVariantGroup section */
		A4C6FBD82AF3A92300BC6C3B /* MapView.storyboard */ = {
			isa = PBXVariantGroup;
			children = (
				A4C6FBD92AF3A92300BC6C3B /* Base */,
			);
			name = MapView.storyboard;
			sourceTree = "<group>";
		};
		A4C6FBDD2AF3A92500BC6C3B /* LaunchScreen.storyboard */ = {
			isa = PBXVariantGroup;
			children = (
				A4C6FBDE2AF3A92500BC6C3B /* Base */,
			);
			name = LaunchScreen.storyboard;
			sourceTree = "<group>";
		};
/* End PBXVariantGroup section */

/* Begin XCBuildConfiguration section */
		A4C6FBE12AF3A92500BC6C3B /* Debug */ = {
			isa = XCBuildConfiguration;
			buildSettings = {
				ALWAYS_SEARCH_USER_PATHS = NO;
				CLANG_ANALYZER_NONNULL = YES;
				CLANG_ANALYZER_NUMBER_OBJECT_CONVERSION = YES_AGGRESSIVE;
				CLANG_CXX_LANGUAGE_STANDARD = "gnu++20";
				CLANG_ENABLE_MODULES = YES;
				CLANG_ENABLE_OBJC_ARC = YES;
				CLANG_ENABLE_OBJC_WEAK = YES;
				CLANG_WARN_BLOCK_CAPTURE_AUTORELEASING = YES;
				CLANG_WARN_BOOL_CONVERSION = YES;
				CLANG_WARN_COMMA = YES;
				CLANG_WARN_CONSTANT_CONVERSION = YES;
				CLANG_WARN_DEPRECATED_OBJC_IMPLEMENTATIONS = YES;
				CLANG_WARN_DIRECT_OBJC_ISA_USAGE = YES_ERROR;
				CLANG_WARN_DOCUMENTATION_COMMENTS = YES;
				CLANG_WARN_EMPTY_BODY = YES;
				CLANG_WARN_ENUM_CONVERSION = YES;
				CLANG_WARN_INFINITE_RECURSION = YES;
				CLANG_WARN_INT_CONVERSION = YES;
				CLANG_WARN_NON_LITERAL_NULL_CONVERSION = YES;
				CLANG_WARN_OBJC_IMPLICIT_RETAIN_SELF = YES;
				CLANG_WARN_OBJC_LITERAL_CONVERSION = YES;
				CLANG_WARN_OBJC_ROOT_CLASS = YES_ERROR;
				CLANG_WARN_QUOTED_INCLUDE_IN_FRAMEWORK_HEADER = YES;
				CLANG_WARN_RANGE_LOOP_ANALYSIS = YES;
				CLANG_WARN_STRICT_PROTOTYPES = YES;
				CLANG_WARN_SUSPICIOUS_MOVE = YES;
				CLANG_WARN_UNGUARDED_AVAILABILITY = YES_AGGRESSIVE;
				CLANG_WARN_UNREACHABLE_CODE = YES;
				CLANG_WARN__DUPLICATE_METHOD_MATCH = YES;
				COPY_PHASE_STRIP = NO;
				DEBUG_INFORMATION_FORMAT = dwarf;
				ENABLE_STRICT_OBJC_MSGSEND = YES;
				ENABLE_TESTABILITY = YES;
				GCC_C_LANGUAGE_STANDARD = gnu11;
				GCC_DYNAMIC_NO_PIC = NO;
				GCC_NO_COMMON_BLOCKS = YES;
				GCC_OPTIMIZATION_LEVEL = 0;
				GCC_PREPROCESSOR_DEFINITIONS = (
					"DEBUG=1",
					"$(inherited)",
				);
				GCC_WARN_64_TO_32_BIT_CONVERSION = YES;
				GCC_WARN_ABOUT_RETURN_TYPE = YES_ERROR;
				GCC_WARN_UNDECLARED_SELECTOR = YES;
				GCC_WARN_UNINITIALIZED_AUTOS = YES_AGGRESSIVE;
				GCC_WARN_UNUSED_FUNCTION = YES;
				GCC_WARN_UNUSED_VARIABLE = YES;
				IPHONEOS_DEPLOYMENT_TARGET = 16.4;
				MTL_ENABLE_DEBUG_INFO = INCLUDE_SOURCE;
				MTL_FAST_MATH = YES;
				ONLY_ACTIVE_ARCH = YES;
				SDKROOT = iphoneos;
				SWIFT_ACTIVE_COMPILATION_CONDITIONS = DEBUG;
				SWIFT_OPTIMIZATION_LEVEL = "-Onone";
			};
			name = Debug;
		};
		A4C6FBE22AF3A92500BC6C3B /* Release */ = {
			isa = XCBuildConfiguration;
			buildSettings = {
				ALWAYS_SEARCH_USER_PATHS = NO;
				CLANG_ANALYZER_NONNULL = YES;
				CLANG_ANALYZER_NUMBER_OBJECT_CONVERSION = YES_AGGRESSIVE;
				CLANG_CXX_LANGUAGE_STANDARD = "gnu++20";
				CLANG_ENABLE_MODULES = YES;
				CLANG_ENABLE_OBJC_ARC = YES;
				CLANG_ENABLE_OBJC_WEAK = YES;
				CLANG_WARN_BLOCK_CAPTURE_AUTORELEASING = YES;
				CLANG_WARN_BOOL_CONVERSION = YES;
				CLANG_WARN_COMMA = YES;
				CLANG_WARN_CONSTANT_CONVERSION = YES;
				CLANG_WARN_DEPRECATED_OBJC_IMPLEMENTATIONS = YES;
				CLANG_WARN_DIRECT_OBJC_ISA_USAGE = YES_ERROR;
				CLANG_WARN_DOCUMENTATION_COMMENTS = YES;
				CLANG_WARN_EMPTY_BODY = YES;
				CLANG_WARN_ENUM_CONVERSION = YES;
				CLANG_WARN_INFINITE_RECURSION = YES;
				CLANG_WARN_INT_CONVERSION = YES;
				CLANG_WARN_NON_LITERAL_NULL_CONVERSION = YES;
				CLANG_WARN_OBJC_IMPLICIT_RETAIN_SELF = YES;
				CLANG_WARN_OBJC_LITERAL_CONVERSION = YES;
				CLANG_WARN_OBJC_ROOT_CLASS = YES_ERROR;
				CLANG_WARN_QUOTED_INCLUDE_IN_FRAMEWORK_HEADER = YES;
				CLANG_WARN_RANGE_LOOP_ANALYSIS = YES;
				CLANG_WARN_STRICT_PROTOTYPES = YES;
				CLANG_WARN_SUSPICIOUS_MOVE = YES;
				CLANG_WARN_UNGUARDED_AVAILABILITY = YES_AGGRESSIVE;
				CLANG_WARN_UNREACHABLE_CODE = YES;
				CLANG_WARN__DUPLICATE_METHOD_MATCH = YES;
				COPY_PHASE_STRIP = NO;
				DEBUG_INFORMATION_FORMAT = "dwarf-with-dsym";
				ENABLE_NS_ASSERTIONS = NO;
				ENABLE_STRICT_OBJC_MSGSEND = YES;
				GCC_C_LANGUAGE_STANDARD = gnu11;
				GCC_NO_COMMON_BLOCKS = YES;
				GCC_WARN_64_TO_32_BIT_CONVERSION = YES;
				GCC_WARN_ABOUT_RETURN_TYPE = YES_ERROR;
				GCC_WARN_UNDECLARED_SELECTOR = YES;
				GCC_WARN_UNINITIALIZED_AUTOS = YES_AGGRESSIVE;
				GCC_WARN_UNUSED_FUNCTION = YES;
				GCC_WARN_UNUSED_VARIABLE = YES;
				IPHONEOS_DEPLOYMENT_TARGET = 16.4;
				MTL_ENABLE_DEBUG_INFO = NO;
				MTL_FAST_MATH = YES;
				SDKROOT = iphoneos;
				SWIFT_COMPILATION_MODE = wholemodule;
				SWIFT_OPTIMIZATION_LEVEL = "-O";
				VALIDATE_PRODUCT = YES;
			};
			name = Release;
		};
		A4C6FBE42AF3A92500BC6C3B /* Debug */ = {
			isa = XCBuildConfiguration;
			buildSettings = {
				ASSETCATALOG_COMPILER_APPICON_NAME = AppIcon;
				ASSETCATALOG_COMPILER_GLOBAL_ACCENT_COLOR_NAME = AccentColor;
				CODE_SIGN_STYLE = Automatic;
				CURRENT_PROJECT_VERSION = 1;
				GENERATE_INFOPLIST_FILE = YES;
				INFOPLIST_FILE = VoltLines_CaseStudy/Info.plist;
				INFOPLIST_KEY_UIApplicationSupportsIndirectInputEvents = YES;
				INFOPLIST_KEY_UILaunchStoryboardName = LaunchScreen;
				INFOPLIST_KEY_UIMainStoryboardFile = ListTripsView;
				INFOPLIST_KEY_UISupportedInterfaceOrientations_iPad = "UIInterfaceOrientationPortrait UIInterfaceOrientationPortraitUpsideDown UIInterfaceOrientationLandscapeLeft UIInterfaceOrientationLandscapeRight";
				INFOPLIST_KEY_UISupportedInterfaceOrientations_iPhone = "UIInterfaceOrientationPortrait UIInterfaceOrientationLandscapeLeft UIInterfaceOrientationLandscapeRight";
				LD_RUNPATH_SEARCH_PATHS = (
					"$(inherited)",
					"@executable_path/Frameworks",
				);
				MARKETING_VERSION = 1.0;
				PRODUCT_BUNDLE_IDENTIFIER = "eimrahor.VoltLines-CaseStudy";
				PRODUCT_NAME = "$(TARGET_NAME)";
				SWIFT_EMIT_LOC_STRINGS = YES;
				SWIFT_VERSION = 5.0;
				TARGETED_DEVICE_FAMILY = "1,2";
			};
			name = Debug;
		};
		A4C6FBE52AF3A92500BC6C3B /* Release */ = {
			isa = XCBuildConfiguration;
			buildSettings = {
				ASSETCATALOG_COMPILER_APPICON_NAME = AppIcon;
				ASSETCATALOG_COMPILER_GLOBAL_ACCENT_COLOR_NAME = AccentColor;
				CODE_SIGN_STYLE = Automatic;
				CURRENT_PROJECT_VERSION = 1;
				GENERATE_INFOPLIST_FILE = YES;
				INFOPLIST_FILE = VoltLines_CaseStudy/Info.plist;
				INFOPLIST_KEY_UIApplicationSupportsIndirectInputEvents = YES;
				INFOPLIST_KEY_UILaunchStoryboardName = LaunchScreen;
				INFOPLIST_KEY_UIMainStoryboardFile = ListTripsView;
				INFOPLIST_KEY_UISupportedInterfaceOrientations_iPad = "UIInterfaceOrientationPortrait UIInterfaceOrientationPortraitUpsideDown UIInterfaceOrientationLandscapeLeft UIInterfaceOrientationLandscapeRight";
				INFOPLIST_KEY_UISupportedInterfaceOrientations_iPhone = "UIInterfaceOrientationPortrait UIInterfaceOrientationLandscapeLeft UIInterfaceOrientationLandscapeRight";
				LD_RUNPATH_SEARCH_PATHS = (
					"$(inherited)",
					"@executable_path/Frameworks",
				);
				MARKETING_VERSION = 1.0;
				PRODUCT_BUNDLE_IDENTIFIER = "eimrahor.VoltLines-CaseStudy";
				PRODUCT_NAME = "$(TARGET_NAME)";
				SWIFT_EMIT_LOC_STRINGS = YES;
				SWIFT_VERSION = 5.0;
				TARGETED_DEVICE_FAMILY = "1,2";
			};
			name = Release;
		};
/* End XCBuildConfiguration section */

/* Begin XCConfigurationList section */
		A4C6FBCA2AF3A92300BC6C3B /* Build configuration list for PBXProject "VoltLines_CaseStudy" */ = {
			isa = XCConfigurationList;
			buildConfigurations = (
				A4C6FBE12AF3A92500BC6C3B /* Debug */,
				A4C6FBE22AF3A92500BC6C3B /* Release */,
			);
			defaultConfigurationIsVisible = 0;
			defaultConfigurationName = Release;
		};
		A4C6FBE32AF3A92500BC6C3B /* Build configuration list for PBXNativeTarget "VoltLines_CaseStudy" */ = {
			isa = XCConfigurationList;
			buildConfigurations = (
				A4C6FBE42AF3A92500BC6C3B /* Debug */,
				A4C6FBE52AF3A92500BC6C3B /* Release */,
			);
			defaultConfigurationIsVisible = 0;
			defaultConfigurationName = Release;
		};
/* End XCConfigurationList section */

/* Begin XCRemoteSwiftPackageReference section */
		A4C6FBF02AF3D2CD00BC6C3B /* XCRemoteSwiftPackageReference "Alamofire" */ = {
			isa = XCRemoteSwiftPackageReference;
			repositoryURL = "https://github.com/Alamofire/Alamofire.git";
			requirement = {
				kind = upToNextMajorVersion;
				minimumVersion = 5.0.0;
			};
		};
/* End XCRemoteSwiftPackageReference section */

/* Begin XCSwiftPackageProductDependency section */
		A4C6FBF12AF3D2CD00BC6C3B /* Alamofire */ = {
			isa = XCSwiftPackageProductDependency;
			package = A4C6FBF02AF3D2CD00BC6C3B /* XCRemoteSwiftPackageReference "Alamofire" */;
			productName = Alamofire;
		};
/* End XCSwiftPackageProductDependency section */
	};
	rootObject = A4C6FBC72AF3A92300BC6C3B /* Project object */;
}
